
Microsoft Visual Studio Solution File, Format Version 12.00
# Visual Studio 15
Project("{FAE04EC0-301F-11D3-BF4B-00C04F79EFBC}") = "Expression", "Expression\Expression.csproj", "{F3361CBF-8DA3-4C87-808A-0FD87D62BB03}"
EndProject
Project("{F2A71F9B-5D33-465A-A702-920D77279786}") = "Calculator", "Calculator\Calculator.fsproj", "{8838E616-0E63-4D12-B0B0-7AB64D210041}"
EndProject
Global
	GlobalSection(SolutionConfigurationPlatforms) = preSolution
		Debug|Any CPU = Debug|Any CPU
		Release|Any CPU = Release|Any CPU
	EndGlobalSection
	GlobalSection(ProjectConfigurationPlatforms) = postSolution
		{F3361CBF-8DA3-4C87-808A-0FD87D62BB03}.Debug|Any CPU.ActiveCfg = Debug|Any CPU
		{F3361CBF-8DA3-4C87-808A-0FD87D62BB03}.Debug|Any CPU.Build.0 = Debug|Any CPU
		{F3361CBF-8DA3-4C87-808A-0FD87D62BB03}.Release|Any CPU.ActiveCfg = Release|Any CPU
		{F3361CBF-8DA3-4C87-808A-0FD87D62BB03}.Release|Any CPU.Build.0 = Release|Any CPU
		{8838E616-0E63-4D12-B0B0-7AB64D210041}.Debug|Any CPU.ActiveCfg = Debug|Any CPU
		{8838E616-0E63-4D12-B0B0-7AB64D210041}.Debug|Any CPU.Build.0 = Debug|Any CPU
		{8838E616-0E63-4D12-B0B0-7AB64D210041}.Release|Any CPU.ActiveCfg = Release|Any CPU
		{8838E616-0E63-4D12-B0B0-7AB64D210041}.Release|Any CPU.Build.0 = Release|Any CPU
	EndGlobalSection
EndGlobal
